
Microsoft Visual Studio Solution File, Format Version 12.00
# Visual Studio Version 17
VisualStudioVersion = 17.5.33424.131
MinimumVisualStudioVersion = 10.0.40219.1
Project("{FAE04EC0-301F-11D3-BF4B-00C04F79EFBC}") = "Infinite Series ex", "Infinite Series ex\Infinite Series ex.csproj", "{E1B79958-A77D-40AC-AF13-92EFA1F433FF}"
EndProject
Global
	GlobalSection(SolutionConfigurationPlatforms) = preSolution
		Debug|Any CPU = Debug|Any CPU
		Release|Any CPU = Release|Any CPU
	EndGlobalSection
	GlobalSection(ProjectConfigurationPlatforms) = postSolution
		{E1B79958-A77D-40AC-AF13-92EFA1F433FF}.Debug|Any CPU.ActiveCfg = Debug|Any CPU
		{E1B79958-A77D-40AC-AF13-92EFA1F433FF}.Debug|Any CPU.Build.0 = Debug|Any CPU
		{E1B79958-A77D-40AC-AF13-92EFA1F433FF}.Release|Any CPU.ActiveCfg = Release|Any CPU
		{E1B79958-A77D-40AC-AF13-92EFA1F433FF}.Release|Any CPU.Build.0 = Release|Any CPU
	EndGlobalSection
	GlobalSection(SolutionProperties) = preSolution
		HideSolutionNode = FALSE
	EndGlobalSection
	GlobalSection(ExtensibilityGlobals) = postSolution
		SolutionGuid = {0A96587D-A6FB-4FB5-B525-EEAA1DB6ADAA}
	EndGlobalSection
EndGlobal
